
Microsoft Visual Studio Solution File, Format Version 12.00
# Visual Studio 14
VisualStudioVersion = 14.0.25123.0
MinimumVisualStudioVersion = 10.0.40219.1
Project("{FAE04EC0-301F-11D3-BF4B-00C04F79EFBC}") = "Infrastructure", "CQRS\Infrastructure.csproj", "{B4CB565A-1E7F-4667-B07A-1D38519966E3}"
EndProject
Project("{FAE04EC0-301F-11D3-BF4B-00C04F79EFBC}") = "Sender", "Sender\Sender.csproj", "{EC638C55-E35C-4CD0-8447-9F7CB6F21A84}"
EndProject
Project("{FAE04EC0-301F-11D3-BF4B-00C04F79EFBC}") = "Receiver", "Receiver\Receiver.csproj", "{CA7E898F-ED92-4E5B-BE5B-DB0A0CFA4E19}"
EndProject
Project("{FAE04EC0-301F-11D3-BF4B-00C04F79EFBC}") = "WebApplication", "WebApplication\WebApplication.csproj", "{AB1DE2ED-E6E1-4EDD-B284-127DB653BABC}"
EndProject
Project("{FAE04EC0-301F-11D3-BF4B-00C04F79EFBC}") = "UsersService", "UsersService\UsersService.csproj", "{DB5E4B62-3A7D-49F9-9413-1AB5E073A953}"
EndProject
Project("{2150E333-8FDC-42A3-9474-1A3956D46DE8}") = "Common", "Common", "{B801E6EB-90AB-4C04-83F1-9D37E4FD977A}"
	ProjectSection(SolutionItems) = preProject
		readme.md = readme.md
	EndProjectSection
EndProject
Project("{2150E333-8FDC-42A3-9474-1A3956D46DE8}") = "RabbitMqDemo", "RabbitMqDemo", "{115BF51D-7684-454C-9017-6E72668E0D91}"
EndProject
Project("{FAE04EC0-301F-11D3-BF4B-00C04F79EFBC}") = "ServiceHost", "ServiceHost\ServiceHost.csproj", "{A594E6BF-AF47-4476-B702-D8A13861CB80}"
EndProject
Project("{2150E333-8FDC-42A3-9474-1A3956D46DE8}") = "Microservice", "Microservice", "{804E8210-BE1F-4967-8ED8-72FFE82697B1}"
EndProject
Global
	GlobalSection(SolutionConfigurationPlatforms) = preSolution
		Debug|Any CPU = Debug|Any CPU
		Release|Any CPU = Release|Any CPU
	EndGlobalSection
	GlobalSection(ProjectConfigurationPlatforms) = postSolution
		{B4CB565A-1E7F-4667-B07A-1D38519966E3}.Debug|Any CPU.ActiveCfg = Debug|Any CPU
		{B4CB565A-1E7F-4667-B07A-1D38519966E3}.Debug|Any CPU.Build.0 = Debug|Any CPU
		{B4CB565A-1E7F-4667-B07A-1D38519966E3}.Release|Any CPU.ActiveCfg = Release|Any CPU
		{B4CB565A-1E7F-4667-B07A-1D38519966E3}.Release|Any CPU.Build.0 = Release|Any CPU
		{EC638C55-E35C-4CD0-8447-9F7CB6F21A84}.Debug|Any CPU.ActiveCfg = Debug|Any CPU
		{EC638C55-E35C-4CD0-8447-9F7CB6F21A84}.Debug|Any CPU.Build.0 = Debug|Any CPU
		{EC638C55-E35C-4CD0-8447-9F7CB6F21A84}.Release|Any CPU.ActiveCfg = Release|Any CPU
		{EC638C55-E35C-4CD0-8447-9F7CB6F21A84}.Release|Any CPU.Build.0 = Release|Any CPU
		{CA7E898F-ED92-4E5B-BE5B-DB0A0CFA4E19}.Debug|Any CPU.ActiveCfg = Debug|Any CPU
		{CA7E898F-ED92-4E5B-BE5B-DB0A0CFA4E19}.Debug|Any CPU.Build.0 = Debug|Any CPU
		{CA7E898F-ED92-4E5B-BE5B-DB0A0CFA4E19}.Release|Any CPU.ActiveCfg = Release|Any CPU
		{CA7E898F-ED92-4E5B-BE5B-DB0A0CFA4E19}.Release|Any CPU.Build.0 = Release|Any CPU
		{AB1DE2ED-E6E1-4EDD-B284-127DB653BABC}.Debug|Any CPU.ActiveCfg = Debug|Any CPU
		{AB1DE2ED-E6E1-4EDD-B284-127DB653BABC}.Debug|Any CPU.Build.0 = Debug|Any CPU
		{AB1DE2ED-E6E1-4EDD-B284-127DB653BABC}.Release|Any CPU.ActiveCfg = Release|Any CPU
		{AB1DE2ED-E6E1-4EDD-B284-127DB653BABC}.Release|Any CPU.Build.0 = Release|Any CPU
		{DB5E4B62-3A7D-49F9-9413-1AB5E073A953}.Debug|Any CPU.ActiveCfg = Debug|Any CPU
		{DB5E4B62-3A7D-49F9-9413-1AB5E073A953}.Debug|Any CPU.Build.0 = Debug|Any CPU
		{DB5E4B62-3A7D-49F9-9413-1AB5E073A953}.Release|Any CPU.ActiveCfg = Release|Any CPU
		{DB5E4B62-3A7D-49F9-9413-1AB5E073A953}.Release|Any CPU.Build.0 = Release|Any CPU
		{A594E6BF-AF47-4476-B702-D8A13861CB80}.Debug|Any CPU.ActiveCfg = Debug|Any CPU
		{A594E6BF-AF47-4476-B702-D8A13861CB80}.Debug|Any CPU.Build.0 = Debug|Any CPU
		{A594E6BF-AF47-4476-B702-D8A13861CB80}.Release|Any CPU.ActiveCfg = Release|Any CPU
		{A594E6BF-AF47-4476-B702-D8A13861CB80}.Release|Any CPU.Build.0 = Release|Any CPU
	EndGlobalSection
	GlobalSection(SolutionProperties) = preSolution
		HideSolutionNode = FALSE
	EndGlobalSection
	GlobalSection(NestedProjects) = preSolution
		{B4CB565A-1E7F-4667-B07A-1D38519966E3} = {B801E6EB-90AB-4C04-83F1-9D37E4FD977A}
		{EC638C55-E35C-4CD0-8447-9F7CB6F21A84} = {115BF51D-7684-454C-9017-6E72668E0D91}
		{CA7E898F-ED92-4E5B-BE5B-DB0A0CFA4E19} = {115BF51D-7684-454C-9017-6E72668E0D91}
		{DB5E4B62-3A7D-49F9-9413-1AB5E073A953} = {804E8210-BE1F-4967-8ED8-72FFE82697B1}
		{A594E6BF-AF47-4476-B702-D8A13861CB80} = {804E8210-BE1F-4967-8ED8-72FFE82697B1}
	EndGlobalSection
EndGlobal
